
Microsoft Visual Studio Solution File, Format Version 12.00
# Visual Studio 14
VisualStudioVersion = 14.0.25420.1
MinimumVisualStudioVersion = 10.0.40219.1
Project("{FAE04EC0-301F-11D3-BF4B-00C04F79EFBC}") = "Planificador", "Planificador\Planificador.csproj", "{82E793B1-5573-475D-9ADE-B5DE3CFB88F0}"
EndProject
Project("{FAE04EC0-301F-11D3-BF4B-00C04F79EFBC}") = "Planificador.Test", "Planificador.Test\Planificador.Test.csproj", "{2A5CA2A7-2881-4E18-88BF-A202C1FBA046}"
EndProject
Global
	GlobalSection(SolutionConfigurationPlatforms) = preSolution
		Debug|Any CPU = Debug|Any CPU
		Release|Any CPU = Release|Any CPU
	EndGlobalSection
	GlobalSection(ProjectConfigurationPlatforms) = postSolution
		{82E793B1-5573-475D-9ADE-B5DE3CFB88F0}.Debug|Any CPU.ActiveCfg = Debug|Any CPU
		{82E793B1-5573-475D-9ADE-B5DE3CFB88F0}.Debug|Any CPU.Build.0 = Debug|Any CPU
		{82E793B1-5573-475D-9ADE-B5DE3CFB88F0}.Release|Any CPU.ActiveCfg = Release|Any CPU
		{82E793B1-5573-475D-9ADE-B5DE3CFB88F0}.Release|Any CPU.Build.0 = Release|Any CPU
		{2A5CA2A7-2881-4E18-88BF-A202C1FBA046}.Debug|Any CPU.ActiveCfg = Debug|Any CPU
		{2A5CA2A7-2881-4E18-88BF-A202C1FBA046}.Debug|Any CPU.Build.0 = Debug|Any CPU
		{2A5CA2A7-2881-4E18-88BF-A202C1FBA046}.Release|Any CPU.ActiveCfg = Release|Any CPU
		{2A5CA2A7-2881-4E18-88BF-A202C1FBA046}.Release|Any CPU.Build.0 = Release|Any CPU
	EndGlobalSection
	GlobalSection(SolutionProperties) = preSolution
		HideSolutionNode = FALSE
	EndGlobalSection
EndGlobal
